
Microsoft Visual Studio Solution File, Format Version 12.00
# Visual Studio 15
VisualStudioVersion = 15.0.28010.2046
MinimumVisualStudioVersion = 10.0.40219.1
Project("{FAE04EC0-301F-11D3-BF4B-00C04F79EFBC}") = "RestaurantRater_MVC", "RestaurantRater_MVC\RestaurantRater_MVC.csproj", "{99B66580-0D05-46F2-9721-4BF88A22EE7B}"
EndProject
Global
	GlobalSection(SolutionConfigurationPlatforms) = preSolution
		Debug|Any CPU = Debug|Any CPU
		Release|Any CPU = Release|Any CPU
	EndGlobalSection
	GlobalSection(ProjectConfigurationPlatforms) = postSolution
		{99B66580-0D05-46F2-9721-4BF88A22EE7B}.Debug|Any CPU.ActiveCfg = Debug|Any CPU
		{99B66580-0D05-46F2-9721-4BF88A22EE7B}.Debug|Any CPU.Build.0 = Debug|Any CPU
		{99B66580-0D05-46F2-9721-4BF88A22EE7B}.Release|Any CPU.ActiveCfg = Release|Any CPU
		{99B66580-0D05-46F2-9721-4BF88A22EE7B}.Release|Any CPU.Build.0 = Release|Any CPU
	EndGlobalSection
	GlobalSection(SolutionProperties) = preSolution
		HideSolutionNode = FALSE
	EndGlobalSection
	GlobalSection(ExtensibilityGlobals) = postSolution
		SolutionGuid = {59FFFDF9-1370-4339-873E-7E1D0F081CFA}
	EndGlobalSection
EndGlobal
